
Microsoft Visual Studio Solution File, Format Version 12.00
# Visual Studio 2017
Project("{FAE04EC0-301F-11D3-BF4B-00C04F79EFBC}") = "Cowboy Tunnel Beta V.Plugins", "Cowboy Tunnel Beta V.Plugins.csproj", "{07E0DED0-27E1-5346-F724-D883B5078379}"
EndProject
Project("{FAE04EC0-301F-11D3-BF4B-00C04F79EFBC}") = "Cowboy Tunnel Beta V", "Cowboy Tunnel Beta V.csproj", "{6662BAB1-C3F3-8BB5-4AEB-7DA3919366A8}"
EndProject
Project("{FAE04EC0-301F-11D3-BF4B-00C04F79EFBC}") = "Cowboy Tunnel Beta V.Editor", "Cowboy Tunnel Beta V.Editor.csproj", "{F3617837-43C5-2D8F-BB9E-39F7881FAAA3}"
EndProject
Project("{FAE04EC0-301F-11D3-BF4B-00C04F79EFBC}") = "Cowboy Tunnel Beta V.Editor.Plugins", "Cowboy Tunnel Beta V.Editor.Plugins.csproj", "{FE5B1637-A318-70B4-32D6-9877A81BAF40}"
EndProject
Global
	GlobalSection(SolutionConfigurationPlatforms) = preSolution
		Debug|Any CPU = Debug|Any CPU
		Release|Any CPU = Release|Any CPU
	EndGlobalSection
	GlobalSection(ProjectConfigurationPlatforms) = postSolution
		{07E0DED0-27E1-5346-F724-D883B5078379}.Debug|Any CPU.ActiveCfg = Debug|Any CPU
		{07E0DED0-27E1-5346-F724-D883B5078379}.Debug|Any CPU.Build.0 = Debug|Any CPU
		{07E0DED0-27E1-5346-F724-D883B5078379}.Release|Any CPU.ActiveCfg = Release|Any CPU
		{07E0DED0-27E1-5346-F724-D883B5078379}.Release|Any CPU.Build.0 = Release|Any CPU
		{6662BAB1-C3F3-8BB5-4AEB-7DA3919366A8}.Debug|Any CPU.ActiveCfg = Debug|Any CPU
		{6662BAB1-C3F3-8BB5-4AEB-7DA3919366A8}.Debug|Any CPU.Build.0 = Debug|Any CPU
		{6662BAB1-C3F3-8BB5-4AEB-7DA3919366A8}.Release|Any CPU.ActiveCfg = Release|Any CPU
		{6662BAB1-C3F3-8BB5-4AEB-7DA3919366A8}.Release|Any CPU.Build.0 = Release|Any CPU
		{F3617837-43C5-2D8F-BB9E-39F7881FAAA3}.Debug|Any CPU.ActiveCfg = Debug|Any CPU
		{F3617837-43C5-2D8F-BB9E-39F7881FAAA3}.Debug|Any CPU.Build.0 = Debug|Any CPU
		{F3617837-43C5-2D8F-BB9E-39F7881FAAA3}.Release|Any CPU.ActiveCfg = Release|Any CPU
		{F3617837-43C5-2D8F-BB9E-39F7881FAAA3}.Release|Any CPU.Build.0 = Release|Any CPU
		{FE5B1637-A318-70B4-32D6-9877A81BAF40}.Debug|Any CPU.ActiveCfg = Debug|Any CPU
		{FE5B1637-A318-70B4-32D6-9877A81BAF40}.Debug|Any CPU.Build.0 = Debug|Any CPU
		{FE5B1637-A318-70B4-32D6-9877A81BAF40}.Release|Any CPU.ActiveCfg = Release|Any CPU
		{FE5B1637-A318-70B4-32D6-9877A81BAF40}.Release|Any CPU.Build.0 = Release|Any CPU
	EndGlobalSection
	GlobalSection(SolutionProperties) = preSolution
		HideSolutionNode = FALSE
	EndGlobalSection
EndGlobal
